
Microsoft Visual Studio Solution File, Format Version 12.00
# Visual Studio Version 17
VisualStudioVersion = 17.10.35122.118
MinimumVisualStudioVersion = 10.0.40219.1
Project("{FAE04EC0-301F-11D3-BF4B-00C04F79EFBC}") = "BukkMaraton2019GUI", "BukkMaraton2019GUI.csproj", "{D1DC3DEA-3D7D-49D0-A4A2-562D35AA7EA2}"
EndProject
Global
	GlobalSection(SolutionConfigurationPlatforms) = preSolution
		Debug|Any CPU = Debug|Any CPU
		Release|Any CPU = Release|Any CPU
	EndGlobalSection
	GlobalSection(ProjectConfigurationPlatforms) = postSolution
		{D1DC3DEA-3D7D-49D0-A4A2-562D35AA7EA2}.Debug|Any CPU.ActiveCfg = Debug|Any CPU
		{D1DC3DEA-3D7D-49D0-A4A2-562D35AA7EA2}.Debug|Any CPU.Build.0 = Debug|Any CPU
		{D1DC3DEA-3D7D-49D0-A4A2-562D35AA7EA2}.Release|Any CPU.ActiveCfg = Release|Any CPU
		{D1DC3DEA-3D7D-49D0-A4A2-562D35AA7EA2}.Release|Any CPU.Build.0 = Release|Any CPU
	EndGlobalSection
	GlobalSection(SolutionProperties) = preSolution
		HideSolutionNode = FALSE
	EndGlobalSection
	GlobalSection(ExtensibilityGlobals) = postSolution
		SolutionGuid = {3CF23797-4D0B-4E24-9B5A-856B4BAF7C41}
	EndGlobalSection
EndGlobal
